Microsoft Visual Studio Solution File, Format Version 8.00
Project("{8BC9CEB8-8B4A-11D0-8D11-00A0C91BC942}") = "vs", "vs.vcproj", "{632E67E7-6CBB-4905-943B-30C48CB0F93C}"
	ProjectSection(ProjectDependencies) = postProject
	EndProjectSection
EndProject
Global
	GlobalSection(SolutionConfiguration) = preSolution
		Debug = Debug
		Release = Release
	EndGlobalSection
	GlobalSection(ProjectConfiguration) = postSolution
		{632E67E7-6CBB-4905-943B-30C48CB0F93C}.Debug.ActiveCfg = Debug|Win32
		{632E67E7-6CBB-4905-943B-30C48CB0F93C}.Debug.Build.0 = Debug|Win32
		{632E67E7-6CBB-4905-943B-30C48CB0F93C}.Release.ActiveCfg = Release|Win32
		{632E67E7-6CBB-4905-943B-30C48CB0F93C}.Release.Build.0 = Release|Win32
	EndGlobalSection
	GlobalSection(ExtensibilityGlobals) = postSolution
	EndGlobalSection
	GlobalSection(ExtensibilityAddIns) = postSolution
	EndGlobalSection
EndGlobal
